{
    "_meta": {
        "hash": {
            "sha256": "f7e0b29ef9a14e777350e50b8c0aaa7bc4edc60cf6c8f1e019fb9ead9e356ea3"
        },
        "pipfile-spec": 6,
        "requires": {
            "python_version": "3.7"
        },
        "sources": [
            {
                "name": "pypi",
                "url": "https://pypi.org/simple",
                "verify_ssl": true
            }
        ]
    },
    "default": {
        "aws-xray-sdk": {
            "hashes": [
                "sha256:8dfa785305fc8dc720d8d4c2ec6a58e85e467ddc3a53b1506a2ed8b5801c8fc7",
                "sha256:ae57baeb175993bdbf31f83843e2c0958dd5aa8cb691ab5628aafb6ccc78a0fc"
            ],
            "index": "pypi",
            "version": "==2.5.0"
        },
        "botocore": {
            "hashes": [
                "sha256:17bc71415186efb86a25dd674f78064cdd85139485967d5a0741c7b83d62cf5b",
                "sha256:e44b11b1c47c06b0f6524b0ff1fa1cae5ddea4eb06f359e4a9730e8e881b397a"
            ],
            "version": "==1.16.24"
        },
        "docutils": {
            "hashes": [
                "sha256:6c4f696463b79f1fb8ba0c594b63840ebd41f059e92b31957c46b74a4599b6d0",
                "sha256:9e4d7ecfc600058e07ba661411a2b7de2fd0fafa17d1a7f7361cd47b1175c827",
                "sha256:a2aeea129088da402665e92e0b25b04b073c04b2dce4ab65caaa38b7ce2e1a99"
            ],
            "markers": "python_version >= '2.6' and python_version not in '3.0, 3.1, 3.2'",
            "version": "==0.15.2"
        },
        "future": {
            "hashes": [
                "sha256:b1bead90b70cf6ec3f0710ae53a525360fa360d306a86583adc6bf83a4db537d"
            ],
            "markers": "python_version >= '2.6' and python_version not in '3.0, 3.1, 3.2'",
            "version": "==0.18.2"
        },
        "importlib-metadata": {
            "hashes": [
                "sha256:0505dd08068cfec00f53a74a0ad927676d7757da81b7436a6eefe4c7cf75c545",
                "sha256:15ec6c0fd909e893e3a08b3a7c76ecb149122fb14b7efe1199ddd4c7c57ea958"
            ],
            "markers": "python_version >= '2.7' and python_version not in '3.0, 3.1, 3.2, 3.3, 3.4'",
            "version": "==1.6.1"
        },
        "jmespath": {
            "hashes": [
                "sha256:b85d0567b8666149a93172712e68920734333c0ce7e89b78b3e987f71e5ed4f9",
                "sha256:cdf6525904cc597730141d61b36f2e4b8ecc257c420fa2f4549bac2c2d0cb72f"
            ],
            "markers": "python_version >= '2.6' and python_version not in '3.0, 3.1, 3.2'",
            "version": "==0.10.0"
        },
        "jsonpickle": {
            "hashes": [
                "sha256:8919c166bac0574e3d74425c7559434062002d9dfc0ac2afa6dc746ba4a19439",
                "sha256:e8d4b7cd0bd6826001a74377df1079a76ad8bae0f909282de2554164c837c8ba"
            ],
            "markers": "python_version >= '2.7'",
            "version": "==1.4.1"
        },
        "python-dateutil": {
            "hashes": [
                "sha256:73ebfe9dbf22e832286dafa60473e4cd239f8592f699aa5adaf10050e6e1823c",
                "sha256:75bb3f31ea686f1197762692a9ee6a7550b59fc6ca3a1f4b5d7e32fb98e2da2a"
            ],
            "markers": "python_version >= '2.7' and python_version not in '3.0, 3.1, 3.2'",
            "version": "==2.8.1"
        },
        "six": {
            "hashes": [
                "sha256:30639c035cdb23534cd4aa2dd52c3bf48f06e5f4a941509c8bafd8ce11080259",
                "sha256:8b74bedcbbbaca38ff6d7491d76f2b06b3592611af620f8426e82dddb04a5ced"
            ],
            "markers": "python_version >= '2.7' and python_version not in '3.0, 3.1, 3.2'",
            "version": "==1.15.0"
        },
        "urllib3": {
            "hashes": [
                "sha256:3018294ebefce6572a474f0604c2021e33b3fd8006ecd11d62107a5d2a963527",
                "sha256:88206b0eb87e6d677d424843ac5209e3fb9d0190d0ee169599165ec25e9d9115"
            ],
            "markers": "python_version != '3.4'",
            "version": "==1.25.9"
        },
        "wrapt": {
            "hashes": [
                "sha256:b62ffa81fb85f4332a4f609cab4ac40709470da05643a082ec1eb88e6d9b97d7"
            ],
            "version": "==1.12.1"
        },
        "zipp": {
            "hashes": [
                "sha256:aa36550ff0c0b7ef7fa639055d797116ee891440eac1a56f378e2d3179e0320b",
                "sha256:c599e4d75c98f6798c509911d08a22e6c021d074469042177c8c86fb92eefd96"
            ],
            "markers": "python_version >= '3.6'",
            "version": "==3.1.0"
        }
    },
    "develop": {}
}
