{
    "_meta": {
        "hash": {
            "sha256": "56895823b1ffc98c7f88128e31fd58fd8ff80effabdcd90422a3e873e17a008e"
        },
        "pipfile-spec": 6,
        "requires": {
            "python_version": "3.7"
        },
        "sources": [
            {
                "name": "pypi",
                "url": "https://pypi.org/simple",
                "verify_ssl": true
            }
        ]
    },
    "default": {
        "buddy-config": {
            "hashes": [
                "sha256:7ee24cc82d13b1c023a8b2788be50dd5f646ebc746b7c92ddc145acf5ecefb6b"
            ],
            "index": "pypi",
            "version": "==0.1.6"
        },
        "certifi": {
            "hashes": [
                "sha256:1a4995114262bffbc2413b159f2a1a480c969de6e6eb13ee966d470af86af59c",
                "sha256:719a74fb9e33b9bd44cc7f3a8d94bc35e4049deebe19ba7d8e108280cfd59830"
            ],
            "version": "==2020.12.5"
        },
        "colorama": {
            "hashes": [
                "sha256:5941b2b48a20143d2267e95b1c2a7603ce057ee39fd88e7329b0c292aa16869b",
                "sha256:9f47eda37229f68eee03b24b9748937c7dc3868f906e8ba69fbcbdd3bc5dc3e2"
            ],
            "index": "pypi",
            "version": "==0.4.4"
        },
        "pygments": {
            "hashes": [
                "sha256:bc9591213a8f0e0ca1a5e68a479b4887fdc3e75d0774e5c71c31920c427de435",
                "sha256:df49d09b498e83c1a73128295860250b0b7edd4c723a32e9bc0d295c7c2ec337"
            ],
            "index": "pypi",
            "version": "==2.7.4"
        },
        "sentry-sdk": {
            "hashes": [
                "sha256:71de00c9711926816f750bc0f57ef2abbcb1bfbdf5378c601df7ec978f44857a",
                "sha256:9221e985f425913204989d0e0e1cbb719e8b7fa10540f1bc509f660c06a34e66"
            ],
            "version": "==1.0.0"
        },
        "six": {
            "hashes": [
                "sha256:30639c035cdb23534cd4aa2dd52c3bf48f06e5f4a941509c8bafd8ce11080259",
                "sha256:8b74bedcbbbaca38ff6d7491d76f2b06b3592611af620f8426e82dddb04a5ced"
            ],
            "version": "==1.15.0"
        },
        "structlog": {
            "hashes": [
                "sha256:7a48375db6274ed1d0ae6123c486472aa1d0890b08d314d2b016f3aa7f35990b",
                "sha256:8a672be150547a93d90a7d74229a29e765be05bd156a35cdcc527ebf68e9af92"
            ],
            "index": "pypi",
            "version": "==20.1.0"
        },
        "structlog-sentry": {
            "hashes": [
                "sha256:5afe21bf7bfa27284345198415ac6c88941d4aef345a523ae990c94a4f6890aa",
                "sha256:a990acddbc0a089c8e04ef290c36050147ce99b8f234bb8b9d198a4a7651a6b0"
            ],
            "index": "pypi",
            "version": "==1.2.2"
        },
        "urllib3": {
            "hashes": [
                "sha256:2f4da4594db7e1e110a944bb1b551fdf4e6c136ad42e4234131391e21eb5b0df",
                "sha256:e7b021f7241115872f92f43c6508082facffbd1c048e3c6e2bb9c2a157e28937"
            ],
            "version": "==1.26.4"
        }
    },
    "develop": {}
}
